
Microsoft Visual Studio Solution File, Format Version 12.00
# Visual Studio Version 16
VisualStudioVersion = 16.0.31624.102
MinimumVisualStudioVersion = 10.0.40219.1
Project("{8BC9CEB8-8B4A-11D0-8D11-00A0C91BC942}") = "Auto", "Auto\Auto.vcxproj", "{729048E2-5BD7-4384-8C8C-E699DCD7D2B7}"
EndProject
Global
	GlobalSection(SolutionConfigurationPlatforms) = preSolution
		Debug|x64 = Debug|x64
		Debug|x86 = Debug|x86
		Release|x64 = Release|x64
		Release|x86 = Release|x86
	EndGlobalSection
	GlobalSection(ProjectConfigurationPlatforms) = postSolution
		{729048E2-5BD7-4384-8C8C-E699DCD7D2B7}.Debug|x64.ActiveCfg = Debug|x64
		{729048E2-5BD7-4384-8C8C-E699DCD7D2B7}.Debug|x64.Build.0 = Debug|x64
		{729048E2-5BD7-4384-8C8C-E699DCD7D2B7}.Debug|x86.ActiveCfg = Debug|Win32
		{729048E2-5BD7-4384-8C8C-E699DCD7D2B7}.Debug|x86.Build.0 = Debug|Win32
		{729048E2-5BD7-4384-8C8C-E699DCD7D2B7}.Release|x64.ActiveCfg = Release|x64
		{729048E2-5BD7-4384-8C8C-E699DCD7D2B7}.Release|x64.Build.0 = Release|x64
		{729048E2-5BD7-4384-8C8C-E699DCD7D2B7}.Release|x86.ActiveCfg = Release|Win32
		{729048E2-5BD7-4384-8C8C-E699DCD7D2B7}.Release|x86.Build.0 = Release|Win32
	EndGlobalSection
	GlobalSection(SolutionProperties) = preSolution
		HideSolutionNode = FALSE
	EndGlobalSection
	GlobalSection(ExtensibilityGlobals) = postSolution
		SolutionGuid = {04F3434B-ECB4-46ED-B959-A447A491B5FD}
	EndGlobalSection
EndGlobal
